
Microsoft Visual Studio Solution File, Format Version 12.00
# Visual Studio Version 17
VisualStudioVersion = 17.3.32901.215
MinimumVisualStudioVersion = 10.0.40219.1
Project("{9A19103F-16F7-4668-BE54-9A1E7A4F7556}") = "TimeAndAttendanceCSV.Core", "TimeAndAttendanceCSV.Core\TimeAndAttendanceCSV.Core.csproj", "{01270458-F3A3-411E-AA5C-F952D7DEC31B}"
EndProject
Project("{9A19103F-16F7-4668-BE54-9A1E7A4F7556}") = "ConsoleRunner", "ConsoleRunner\ConsoleRunner.csproj", "{B296A231-8CD5-4DB7-ADF3-DF8AD4057462}"
EndProject
Global
	GlobalSection(SolutionConfigurationPlatforms) = preSolution
		Debug|Any CPU = Debug|Any CPU
		Release|Any CPU = Release|Any CPU
	EndGlobalSection
	GlobalSection(ProjectConfigurationPlatforms) = postSolution
		{01270458-F3A3-411E-AA5C-F952D7DEC31B}.Debug|Any CPU.ActiveCfg = Debug|Any CPU
		{01270458-F3A3-411E-AA5C-F952D7DEC31B}.Debug|Any CPU.Build.0 = Debug|Any CPU
		{01270458-F3A3-411E-AA5C-F952D7DEC31B}.Release|Any CPU.ActiveCfg = Release|Any CPU
		{01270458-F3A3-411E-AA5C-F952D7DEC31B}.Release|Any CPU.Build.0 = Release|Any CPU
		{B296A231-8CD5-4DB7-ADF3-DF8AD4057462}.Debug|Any CPU.ActiveCfg = Debug|Any CPU
		{B296A231-8CD5-4DB7-ADF3-DF8AD4057462}.Debug|Any CPU.Build.0 = Debug|Any CPU
		{B296A231-8CD5-4DB7-ADF3-DF8AD4057462}.Release|Any CPU.ActiveCfg = Release|Any CPU
		{B296A231-8CD5-4DB7-ADF3-DF8AD4057462}.Release|Any CPU.Build.0 = Release|Any CPU
	EndGlobalSection
	GlobalSection(SolutionProperties) = preSolution
		HideSolutionNode = FALSE
	EndGlobalSection
	GlobalSection(ExtensibilityGlobals) = postSolution
		SolutionGuid = {0F47FC37-4AA2-42C8-B8D9-5B37308B9DC6}
	EndGlobalSection
EndGlobal
